
Microsoft Visual Studio Solution File, Format Version 12.00
# Visual Studio Version 16
VisualStudioVersion = 16.0.29509.3
MinimumVisualStudioVersion = 10.0.40219.1
Project("{FAE04EC0-301F-11D3-BF4B-00C04F79EFBC}") = "file_uploader", "file_uploader.csproj", "{EFECC521-98ED-4959-A07B-B9286E9F4B3D}"
EndProject
Global
	GlobalSection(SolutionConfigurationPlatforms) = preSolution
		Debug|Any CPU = Debug|Any CPU
		Release|Any CPU = Release|Any CPU
	EndGlobalSection
	GlobalSection(ProjectConfigurationPlatforms) = postSolution
		{EFECC521-98ED-4959-A07B-B9286E9F4B3D}.Debug|Any CPU.ActiveCfg = Debug|Any CPU
		{EFECC521-98ED-4959-A07B-B9286E9F4B3D}.Debug|Any CPU.Build.0 = Debug|Any CPU
		{EFECC521-98ED-4959-A07B-B9286E9F4B3D}.Release|Any CPU.ActiveCfg = Release|Any CPU
		{EFECC521-98ED-4959-A07B-B9286E9F4B3D}.Release|Any CPU.Build.0 = Release|Any CPU
	EndGlobalSection
	GlobalSection(SolutionProperties) = preSolution
		HideSolutionNode = FALSE
	EndGlobalSection
	GlobalSection(ExtensibilityGlobals) = postSolution
		SolutionGuid = {BF3D3321-CE71-4FCF-8BA8-27434F3BCF53}
	EndGlobalSection
EndGlobal
